
Microsoft Visual Studio Solution File, Format Version 12.00
# Visual Studio Version 17
VisualStudioVersion = 17.0.31903.59
MinimumVisualStudioVersion = 10.0.40219.1
Project("{2150E333-8FDC-42A3-9474-1A3956D46DE8}") = "src", "src", "{6FD848B6-E7B7-4EB5-A833-40796DCC22FC}"
EndProject
Project("{FAE04EC0-301F-11D3-BF4B-00C04F79EFBC}") = "Common.Messaging.Contracts", "src\Common.Messaging.Contracts\Common.Messaging.Contracts.csproj", "{6EDF5702-01EE-4D9D-9DAF-26EE4FA25FBD}"
EndProject
Project("{2150E333-8FDC-42A3-9474-1A3956D46DE8}") = "tests", "tests", "{93DE55B5-161C-4A97-B921-2A27DAE602B4}"
EndProject
Project("{FAE04EC0-301F-11D3-BF4B-00C04F79EFBC}") = "Common.Messaging.Contracts.Tests", "tests\Common.Messaging.Contracts.Tests\Common.Messaging.Contracts.Tests.csproj", "{FC077102-5A2D-4E19-8D1C-A40486D7DFAC}"
EndProject
Project("{FAE04EC0-301F-11D3-BF4B-00C04F79EFBC}") = "Common.Security.DataProtection", "src\Common.Security.DataProtection\Common.Security.DataProtection.csproj", "{F29E2D56-CBD7-4365-8B9D-C9FE022A603A}"
EndProject
Project("{FAE04EC0-301F-11D3-BF4B-00C04F79EFBC}") = "Common.Security.DataProtection.Tests", "tests\Common.Security.DataProtection.Tests\Common.Security.DataProtection.Tests.csproj", "{5F1459A8-714F-4457-95B7-45A37BB55F14}"
EndProject
Project("{FAE04EC0-301F-11D3-BF4B-00C04F79EFBC}") = "Common.Observability", "src\Common.Observability\Common.Observability.csproj", "{B5B2D0DA-E073-4AB9-92C1-7EB11FF722E5}"
EndProject
Project("{FAE04EC0-301F-11D3-BF4B-00C04F79EFBC}") = "Common.Observability.Tests", "tests\Common.Observability.Tests\Common.Observability.Tests.csproj", "{9B74FB76-8333-4104-A441-15C89415D8A4}"
EndProject
Project("{FAE04EC0-301F-11D3-BF4B-00C04F79EFBC}") = "Common.Messaging.MassTransit", "src\Common.Messaging.MassTransit\Common.Messaging.MassTransit.csproj", "{8BCD819A-CB15-4552-AD96-6DCA52FB0F3F}"
EndProject
Project("{FAE04EC0-301F-11D3-BF4B-00C04F79EFBC}") = "Common.Messaging.MassTransit.Tests", "tests\Common.Messaging.MassTransit.Tests\Common.Messaging.MassTransit.Tests.csproj", "{9F3FC301-0CA7-4D4B-941A-F4E8CEA0255D}"
EndProject
Project("{FAE04EC0-301F-11D3-BF4B-00C04F79EFBC}") = "Common.FileIngestion", "src\Common.FileIngestion\Common.FileIngestion.csproj", "{66550F15-5AD6-457A-AF8B-68E47346A4E4}"
EndProject
Project("{FAE04EC0-301F-11D3-BF4B-00C04F79EFBC}") = "Common.FileIngestion.Tests", "tests\Common.FileIngestion.Tests\Common.FileIngestion.Tests.csproj", "{AE2F3AEC-6571-43B0-9656-1167AF16CA34}"
EndProject
Project("{FAE04EC0-301F-11D3-BF4B-00C04F79EFBC}") = "Ingestion.Worker", "src\Ingestion.Worker\Ingestion.Worker.csproj", "{B72FC060-7D46-48E3-BA14-4CE3D39BF178}"
EndProject
Project("{FAE04EC0-301F-11D3-BF4B-00C04F79EFBC}") = "Ingestion.Worker.Tests", "tests\Ingestion.Worker.Tests\Ingestion.Worker.Tests.csproj", "{E670C4D3-E5F8-4BEB-A7A7-01AC119D0CC3}"
EndProject
Project("{FAE04EC0-301F-11D3-BF4B-00C04F79EFBC}") = "Common.FileIngestion.Abstractions", "src\Common.FileIngestion.Abstractions\Common.FileIngestion.Abstractions.csproj", "{39C2AB3D-4220-46F9-8BA7-FBD34974AE29}"
EndProject
Global
	GlobalSection(SolutionConfigurationPlatforms) = preSolution
		Debug|Any CPU = Debug|Any CPU
		Release|Any CPU = Release|Any CPU
	EndGlobalSection
	GlobalSection(SolutionProperties) = preSolution
		HideSolutionNode = FALSE
	EndGlobalSection
	GlobalSection(ProjectConfigurationPlatforms) = postSolution
		{6EDF5702-01EE-4D9D-9DAF-26EE4FA25FBD}.Debug|Any CPU.ActiveCfg = Debug|Any CPU
		{6EDF5702-01EE-4D9D-9DAF-26EE4FA25FBD}.Debug|Any CPU.Build.0 = Debug|Any CPU
		{6EDF5702-01EE-4D9D-9DAF-26EE4FA25FBD}.Release|Any CPU.ActiveCfg = Release|Any CPU
		{6EDF5702-01EE-4D9D-9DAF-26EE4FA25FBD}.Release|Any CPU.Build.0 = Release|Any CPU
		{FC077102-5A2D-4E19-8D1C-A40486D7DFAC}.Debug|Any CPU.ActiveCfg = Debug|Any CPU
		{FC077102-5A2D-4E19-8D1C-A40486D7DFAC}.Debug|Any CPU.Build.0 = Debug|Any CPU
		{FC077102-5A2D-4E19-8D1C-A40486D7DFAC}.Release|Any CPU.ActiveCfg = Release|Any CPU
		{FC077102-5A2D-4E19-8D1C-A40486D7DFAC}.Release|Any CPU.Build.0 = Release|Any CPU
		{F29E2D56-CBD7-4365-8B9D-C9FE022A603A}.Debug|Any CPU.ActiveCfg = Debug|Any CPU
		{F29E2D56-CBD7-4365-8B9D-C9FE022A603A}.Debug|Any CPU.Build.0 = Debug|Any CPU
		{F29E2D56-CBD7-4365-8B9D-C9FE022A603A}.Release|Any CPU.ActiveCfg = Release|Any CPU
		{F29E2D56-CBD7-4365-8B9D-C9FE022A603A}.Release|Any CPU.Build.0 = Release|Any CPU
		{5F1459A8-714F-4457-95B7-45A37BB55F14}.Debug|Any CPU.ActiveCfg = Debug|Any CPU
		{5F1459A8-714F-4457-95B7-45A37BB55F14}.Debug|Any CPU.Build.0 = Debug|Any CPU
		{5F1459A8-714F-4457-95B7-45A37BB55F14}.Release|Any CPU.ActiveCfg = Release|Any CPU
		{5F1459A8-714F-4457-95B7-45A37BB55F14}.Release|Any CPU.Build.0 = Release|Any CPU
		{B5B2D0DA-E073-4AB9-92C1-7EB11FF722E5}.Debug|Any CPU.ActiveCfg = Debug|Any CPU
		{B5B2D0DA-E073-4AB9-92C1-7EB11FF722E5}.Debug|Any CPU.Build.0 = Debug|Any CPU
		{B5B2D0DA-E073-4AB9-92C1-7EB11FF722E5}.Release|Any CPU.ActiveCfg = Release|Any CPU
		{B5B2D0DA-E073-4AB9-92C1-7EB11FF722E5}.Release|Any CPU.Build.0 = Release|Any CPU
		{9B74FB76-8333-4104-A441-15C89415D8A4}.Debug|Any CPU.ActiveCfg = Debug|Any CPU
		{9B74FB76-8333-4104-A441-15C89415D8A4}.Debug|Any CPU.Build.0 = Debug|Any CPU
		{9B74FB76-8333-4104-A441-15C89415D8A4}.Release|Any CPU.ActiveCfg = Release|Any CPU
		{9B74FB76-8333-4104-A441-15C89415D8A4}.Release|Any CPU.Build.0 = Release|Any CPU
		{8BCD819A-CB15-4552-AD96-6DCA52FB0F3F}.Debug|Any CPU.ActiveCfg = Debug|Any CPU
		{8BCD819A-CB15-4552-AD96-6DCA52FB0F3F}.Debug|Any CPU.Build.0 = Debug|Any CPU
		{8BCD819A-CB15-4552-AD96-6DCA52FB0F3F}.Release|Any CPU.ActiveCfg = Release|Any CPU
		{8BCD819A-CB15-4552-AD96-6DCA52FB0F3F}.Release|Any CPU.Build.0 = Release|Any CPU
		{9F3FC301-0CA7-4D4B-941A-F4E8CEA0255D}.Debug|Any CPU.ActiveCfg = Debug|Any CPU
		{9F3FC301-0CA7-4D4B-941A-F4E8CEA0255D}.Debug|Any CPU.Build.0 = Debug|Any CPU
		{9F3FC301-0CA7-4D4B-941A-F4E8CEA0255D}.Release|Any CPU.ActiveCfg = Release|Any CPU
		{9F3FC301-0CA7-4D4B-941A-F4E8CEA0255D}.Release|Any CPU.Build.0 = Release|Any CPU
		{66550F15-5AD6-457A-AF8B-68E47346A4E4}.Debug|Any CPU.ActiveCfg = Debug|Any CPU
		{66550F15-5AD6-457A-AF8B-68E47346A4E4}.Debug|Any CPU.Build.0 = Debug|Any CPU
		{66550F15-5AD6-457A-AF8B-68E47346A4E4}.Release|Any CPU.ActiveCfg = Release|Any CPU
		{66550F15-5AD6-457A-AF8B-68E47346A4E4}.Release|Any CPU.Build.0 = Release|Any CPU
		{AE2F3AEC-6571-43B0-9656-1167AF16CA34}.Debug|Any CPU.ActiveCfg = Debug|Any CPU
		{AE2F3AEC-6571-43B0-9656-1167AF16CA34}.Debug|Any CPU.Build.0 = Debug|Any CPU
		{AE2F3AEC-6571-43B0-9656-1167AF16CA34}.Release|Any CPU.ActiveCfg = Release|Any CPU
		{AE2F3AEC-6571-43B0-9656-1167AF16CA34}.Release|Any CPU.Build.0 = Release|Any CPU
		{B72FC060-7D46-48E3-BA14-4CE3D39BF178}.Debug|Any CPU.ActiveCfg = Debug|Any CPU
		{B72FC060-7D46-48E3-BA14-4CE3D39BF178}.Debug|Any CPU.Build.0 = Debug|Any CPU
		{B72FC060-7D46-48E3-BA14-4CE3D39BF178}.Release|Any CPU.ActiveCfg = Release|Any CPU
		{B72FC060-7D46-48E3-BA14-4CE3D39BF178}.Release|Any CPU.Build.0 = Release|Any CPU
		{E670C4D3-E5F8-4BEB-A7A7-01AC119D0CC3}.Debug|Any CPU.ActiveCfg = Debug|Any CPU
		{E670C4D3-E5F8-4BEB-A7A7-01AC119D0CC3}.Debug|Any CPU.Build.0 = Debug|Any CPU
		{E670C4D3-E5F8-4BEB-A7A7-01AC119D0CC3}.Release|Any CPU.ActiveCfg = Release|Any CPU
		{E670C4D3-E5F8-4BEB-A7A7-01AC119D0CC3}.Release|Any CPU.Build.0 = Release|Any CPU
		{39C2AB3D-4220-46F9-8BA7-FBD34974AE29}.Debug|Any CPU.ActiveCfg = Debug|Any CPU
		{39C2AB3D-4220-46F9-8BA7-FBD34974AE29}.Debug|Any CPU.Build.0 = Debug|Any CPU
		{39C2AB3D-4220-46F9-8BA7-FBD34974AE29}.Release|Any CPU.ActiveCfg = Release|Any CPU
		{39C2AB3D-4220-46F9-8BA7-FBD34974AE29}.Release|Any CPU.Build.0 = Release|Any CPU
	EndGlobalSection
	GlobalSection(NestedProjects) = preSolution
		{6EDF5702-01EE-4D9D-9DAF-26EE4FA25FBD} = {6FD848B6-E7B7-4EB5-A833-40796DCC22FC}
		{FC077102-5A2D-4E19-8D1C-A40486D7DFAC} = {93DE55B5-161C-4A97-B921-2A27DAE602B4}
		{F29E2D56-CBD7-4365-8B9D-C9FE022A603A} = {6FD848B6-E7B7-4EB5-A833-40796DCC22FC}
		{5F1459A8-714F-4457-95B7-45A37BB55F14} = {93DE55B5-161C-4A97-B921-2A27DAE602B4}
		{B5B2D0DA-E073-4AB9-92C1-7EB11FF722E5} = {6FD848B6-E7B7-4EB5-A833-40796DCC22FC}
		{9B74FB76-8333-4104-A441-15C89415D8A4} = {93DE55B5-161C-4A97-B921-2A27DAE602B4}
		{8BCD819A-CB15-4552-AD96-6DCA52FB0F3F} = {6FD848B6-E7B7-4EB5-A833-40796DCC22FC}
		{9F3FC301-0CA7-4D4B-941A-F4E8CEA0255D} = {93DE55B5-161C-4A97-B921-2A27DAE602B4}
		{66550F15-5AD6-457A-AF8B-68E47346A4E4} = {6FD848B6-E7B7-4EB5-A833-40796DCC22FC}
		{AE2F3AEC-6571-43B0-9656-1167AF16CA34} = {93DE55B5-161C-4A97-B921-2A27DAE602B4}
		{B72FC060-7D46-48E3-BA14-4CE3D39BF178} = {6FD848B6-E7B7-4EB5-A833-40796DCC22FC}
		{E670C4D3-E5F8-4BEB-A7A7-01AC119D0CC3} = {93DE55B5-161C-4A97-B921-2A27DAE602B4}
		{39C2AB3D-4220-46F9-8BA7-FBD34974AE29} = {6FD848B6-E7B7-4EB5-A833-40796DCC22FC}
	EndGlobalSection
EndGlobal
